{
  "requires": true,
  "lockfileVersion": 1,
  "dependencies": {
    "@magicleap/prismatic": {
      "version": "0.20.2",
      "resolved": "https://registry.npmjs.org/@magicleap/prismatic/-/prismatic-0.20.2.tgz",
      "integrity": "sha512-vmV/3RlVFwR/upnPj8UMrrcdSaDYRXMUW6GB0g47IOq+BEFhdr9D0HddnqcBgrJ0GJPLCo2geE2NsdDH35y9pg=="
    },
    "progressbar.js": {
      "version": "1.0.1",
      "resolved": "https://registry.npmjs.org/progressbar.js/-/progressbar.js-1.0.1.tgz",
      "integrity": "sha1-9/v8GVJA/guzL2972y5/9ADqcfk=",
      "requires": {
        "shifty": "^1.5.2"
      }
    },
    "shifty": {
      "version": "1.5.4",
      "resolved": "https://registry.npmjs.org/shifty/-/shifty-1.5.4.tgz",
      "integrity": "sha1-1DYvyRTdKA3fblIr5AiyEgMgg0Y="
    }
  }
}
